// !$*UTF8*$!
{
	archiveVersion = 1;
	classes = {
	};
	objectVersion = 46;
	objects = {

/* Begin PBXBuildFile section */
		4EADA141202C59EA00C36850 /* main.m in Sources */ = {isa = PBXBuildFile; fileRef = 4EADA140202C59EA00C36850 /* main.m */; };
		4EADA144202C59EA00C36850 /* AppDelegate.m in Sources */ = {isa = PBXBuildFile; fileRef = 4EADA143202C59EA00C36850 /* AppDelegate.m */; };
		4EADA147202C59EA00C36850 /* ViewController.m in Sources */ = {isa = PBXBuildFile; fileRef = 4EADA146202C59EA00C36850 /* ViewController.m */; };
		4EADA14A202C59EA00C36850 /* Main.storyboard in Resources */ = {isa = PBXBuildFile; fileRef = 4EADA148202C59EA00C36850 /* Main.storyboard */; };
		4EADA14C202C59EA00C36850 /* Assets.xcassets in Resources */ = {isa = PBXBuildFile; fileRef = 4EADA14B202C59EA00C36850 /* Assets.xcassets */; };
		4EADA14F202C59EA00C36850 /* LaunchScreen.storyboard in Resources */ = {isa = PBXBuildFile; fileRef = 4EADA14D202C59EA00C36850 /* LaunchScreen.storyboard */; };
		4EADA15A202C59EA00C36850 /* testGitDemoTests.m in Sources */ = {isa = PBXBuildFile; fileRef = 4EADA159202C59EA00C36850 /* testGitDemoTests.m */; };
		4EADA165202C59EA00C36850 /* testGitDemoUITests.m in Sources */ = {isa = PBXBuildFile; fileRef = 4EADA164202C59EA00C36850 /* testGitDemoUITests.m */; };
/* End PBXBuildFile section */

/* Begin PBXContainerItemProxy section */
		4EADA156202C59EA00C36850 /* PBXContainerItemProxy */ = {
			isa = PBXContainerItemProxy;
			containerPortal = 4EADA134202C59EA00C36850 /* Project object */;
			proxyType = 1;
			remoteGlobalIDString = 4EADA13B202C59EA00C36850;
			remoteInfo = testGitDemo;
		};
		4EADA161202C59EA00C36850 /* PBXContainerItemProxy */ = {
			isa = PBXContainerItemProxy;
			containerPortal = 4EADA134202C59EA00C36850 /* Project object */;
			proxyType = 1;
			remoteGlobalIDString = 4EADA13B202C59EA00C36850;
			remoteInfo = testGitDemo;
		};
/* End PBXContainerItemProxy section */

/* Begin PBXFileReference section */
		4EADA13C202C59EA00C36850 /* testGitDemo.app */ = {isa = PBXFileReference; explicitFileType = wrapper.application; includeInIndex = 0; path = testGitDemo.app; sourceTree = BUILT_PRODUCTS_DIR; };
		4EADA140202C59EA00C36850 /* main.m */ = {isa = PBXFileReference; lastKnownFileType = sourcecode.c.objc; path = main.m; sourceTree = "<group>"; };
		4EADA142202C59EA00C36850 /* AppDelegate.h */ = {isa = PBXFileReference; lastKnownFileType = sourcecode.c.h; path = AppDelegate.h; sourceTree = "<group>"; };
		4EADA143202C59EA00C36850 /* AppDelegate.m */ = {isa = PBXFileReference; lastKnownFileType = sourcecode.c.objc; path = AppDelegate.m; sourceTree = "<group>"; };
		4EADA145202C59EA00C36850 /* ViewController.h */ = {isa = PBXFileReference; lastKnownFileType = sourcecode.c.h; path = ViewController.h; sourceTree = "<group>"; };
		4EADA146202C59EA00C36850 /* ViewController.m */ = {isa = PBXFileReference; lastKnownFileType = sourcecode.c.objc; path = ViewController.m; sourceTree = "<group>"; };
		4EADA149202C59EA00C36850 /* Base */ = {isa = PBXFileReference; lastKnownFileType = file.storyboard; name = Base; path = Base.lproj/Main.storyboard; sourceTree = "<group>"; };
		4EADA14B202C59EA00C36850 /* Assets.xcassets */ = {isa = PBXFileReference; lastKnownFileType = folder.assetcatalog; path = Assets.xcassets; sourceTree = "<group>"; };
		4EADA14E202C59EA00C36850 /* Base */ = {isa = PBXFileReference; lastKnownFileType = file.storyboard; name = Base; path = Base.lproj/LaunchScreen.storyboard; sourceTree = "<group>"; };
		4EADA150202C59EA00C36850 /* Info.plist */ = {isa = PBXFileReference; lastKnownFileType = text.plist.xml; path = Info.plist; sourceTree = "<group>"; };
		4EADA155202C59EA00C36850 /* testGitDemoTests.xctest */ = {isa = PBXFileReference; explicitFileType = wrapper.cfbundle; includeInIndex = 0; path = testGitDemoTests.xctest; sourceTree = BUILT_PRODUCTS_DIR; };
		4EADA159202C59EA00C36850 /* testGitDemoTests.m */ = {isa = PBXFileReference; lastKnownFileType = sourcecode.c.objc; path = testGitDemoTests.m; sourceTree = "<group>"; };
		4EADA15B202C59EA00C36850 /* Info.plist */ = {isa = PBXFileReference; lastKnownFileType = text.plist.xml; path = Info.plist; sourceTree = "<group>"; };
		4EADA160202C59EA00C36850 /* testGitDemoUITests.xctest */ = {isa = PBXFileReference; explicitFileType = wrapper.cfbundle; includeInIndex = 0; path = testGitDemoUITests.xctest; sourceTree = BUILT_PRODUCTS_DIR; };
		4EADA164202C59EA00C36850 /* testGitDemoUITests.m */ = {isa = PBXFileReference; lastKnownFileType = sourcecode.c.objc; path = testGitDemoUITests.m; sourceTree = "<group>"; };
		4EADA166202C59EA00C36850 /* Info.plist */ = {isa = PBXFileReference; lastKnownFileType = text.plist.xml; path = Info.plist; sourceTree = "<group>"; };
/* End PBXFileReference section */

/* Begin PBXFrameworksBuildPhase section */
		4EADA139202C59EA00C36850 /* Frameworks */ = {
			isa = PBXFrameworksBuildPhase;
			buildActionMask = 2147483647;
			files = (
			);
			runOnlyForDeploymentPostprocessing = 0;
		};
		4EADA152202C59EA00C36850 /* Frameworks */ = {
			isa = PBXFrameworksBuildPhase;
			buildActionMask = 2147483647;
			files = (
			);
			runOnlyForDeploymentPostprocessing = 0;
		};
		4EADA15D202C59EA00C36850 /* Frameworks */ = {
			isa = PBXFrameworksBuildPhase;
			buildActionMask = 2147483647;
			files = (
			);
			runOnlyForDeploymentPostprocessing = 0;
		};
/* End PBXFrameworksBuildPhase section */

/* Begin PBXGroup section */
		4EADA133202C59EA00C36850 = {
			isa = PBXGroup;
			children = (
				4EADA13E202C59EA00C36850 /* testGitDemo */,
				4EADA158202C59EA00C36850 /* testGitDemoTests */,
				4EADA163202C59EA00C36850 /* testGitDemoUITests */,
				4EADA13D202C59EA00C36850 /* Products */,
			);
			sourceTree = "<group>";
		};
		4EADA13D202C59EA00C36850 /* Products */ = {
			isa = PBXGroup;
			children = (
				4EADA13C202C59EA00C36850 /* testGitDemo.app */,
				4EADA155202C59EA00C36850 /* testGitDemoTests.xctest */,
				4EADA160202C59EA00C36850 /* testGitDemoUITests.xctest */,
			);
			name = Products;
			sourceTree = "<group>";
		};
		4EADA13E202C59EA00C36850 /* testGitDemo */ = {
			isa = PBXGroup;
			children = (
				4EADA142202C59EA00C36850 /* AppDelegate.h */,
				4EADA143202C59EA00C36850 /* AppDelegate.m */,
				4EADA145202C59EA00C36850 /* ViewController.h */,
				4EADA146202C59EA00C36850 /* ViewController.m */,
				4EADA148202C59EA00C36850 /* Main.storyboard */,
				4EADA14B202C59EA00C36850 /* Assets.xcassets */,
				4EADA14D202C59EA00C36850 /* LaunchScreen.storyboard */,
				4EADA150202C59EA00C36850 /* Info.plist */,
				4EADA13F202C59EA00C36850 /* Supporting Files */,
			);
			path = testGitDemo;
			sourceTree = "<group>";
		};
		4EADA13F202C59EA00C36850 /* Supporting Files */ = {
			isa = PBXGroup;
			children = (
				4EADA140202C59EA00C36850 /* main.m */,
			);
			name = "Supporting Files";
			sourceTree = "<group>";
		};
		4EADA158202C59EA00C36850 /* testGitDemoTests */ = {
			isa = PBXGroup;
			children = (
				4EADA159202C59EA00C36850 /* testGitDemoTests.m */,
				4EADA15B202C59EA00C36850 /* Info.plist */,
			);
			path = testGitDemoTests;
			sourceTree = "<group>";
		};
		4EADA163202C59EA00C36850 /* testGitDemoUITests */ = {
			isa = PBXGroup;
			children = (
				4EADA164202C59EA00C36850 /* testGitDemoUITests.m */,
				4EADA166202C59EA00C36850 /* Info.plist */,
			);
			path = testGitDemoUITests;
			sourceTree = "<group>";
		};
/* End PBXGroup section */

/* Begin PBXNativeTarget section */
		4EADA13B202C59EA00C36850 /* testGitDemo */ = {
			isa = PBXNativeTarget;
			buildConfigurationList = 4EADA169202C59EA00C36850 /* Build configuration list for PBXNativeTarget "testGitDemo" */;
			buildPhases = (
				4EADA138202C59EA00C36850 /* Sources */,
				4EADA139202C59EA00C36850 /* Frameworks */,
				4EADA13A202C59EA00C36850 /* Resources */,
			);
			buildRules = (
			);
			dependencies = (
			);
			name = testGitDemo;
			productName = testGitDemo;
			productReference = 4EADA13C202C59EA00C36850 /* testGitDemo.app */;
			productType = "com.apple.product-type.application";
		};
		4EADA154202C59EA00C36850 /* testGitDemoTests */ = {
			isa = PBXNativeTarget;
			buildConfigurationList = 4EADA16C202C59EA00C36850 /* Build configuration list for PBXNativeTarget "testGitDemoTests" */;
			buildPhases = (
				4EADA151202C59EA00C36850 /* Sources */,
				4EADA152202C59EA00C36850 /* Frameworks */,
				4EADA153202C59EA00C36850 /* Resources */,
			);
			buildRules = (
			);
			dependencies = (
				4EADA157202C59EA00C36850 /* PBXTargetDependency */,
			);
			name = testGitDemoTests;
			productName = testGitDemoTests;
			productReference = 4EADA155202C59EA00C36850 /* testGitDemoTests.xctest */;
			productType = "com.apple.product-type.bundle.unit-test";
		};
		4EADA15F202C59EA00C36850 /* testGitDemoUITests */ = {
			isa = PBXNativeTarget;
			buildConfigurationList = 4EADA16F202C59EA00C36850 /* Build configuration list for PBXNativeTarget "testGitDemoUITests" */;
			buildPhases = (
				4EADA15C202C59EA00C36850 /* Sources */,
				4EADA15D202C59EA00C36850 /* Frameworks */,
				4EADA15E202C59EA00C36850 /* Resources */,
			);
			buildRules = (
			);
			dependencies = (
				4EADA162202C59EA00C36850 /* PBXTargetDependency */,
			);
			name = testGitDemoUITests;
			productName = testGitDemoUITests;
			productReference = 4EADA160202C59EA00C36850 /* testGitDemoUITests.xctest */;
			productType = "com.apple.product-type.bundle.ui-testing";
		};
/* End PBXNativeTarget section */

/* Begin PBXProject section */
		4EADA134202C59EA00C36850 /* Project object */ = {
			isa = PBXProject;
			attributes = {
				LastUpgradeCheck = 0830;
				ORGANIZATIONNAME = VicBi;
				TargetAttributes = {
					4EADA13B202C59EA00C36850 = {
						CreatedOnToolsVersion = 8.3.3;
						DevelopmentTeam = GRBUF4HYKK;
						ProvisioningStyle = Automatic;
					};
					4EADA154202C59EA00C36850 = {
						CreatedOnToolsVersion = 8.3.3;
						DevelopmentTeam = GRBUF4HYKK;
						ProvisioningStyle = Automatic;
						TestTargetID = 4EADA13B202C59EA00C36850;
					};
					4EADA15F202C59EA00C36850 = {
						CreatedOnToolsVersion = 8.3.3;
						DevelopmentTeam = GRBUF4HYKK;
						ProvisioningStyle = Automatic;
						TestTargetID = 4EADA13B202C59EA00C36850;
					};
				};
			};
			buildConfigurationList = 4EADA137202C59EA00C36850 /* Build configuration list for PBXProject "testGitDemo" */;
			compatibilityVersion = "Xcode 3.2";
			developmentRegion = English;
			hasScannedForEncodings = 0;
			knownRegions = (
				en,
				Base,
			);
			mainGroup = 4EADA133202C59EA00C36850;
			productRefGroup = 4EADA13D202C59EA00C36850 /* Products */;
			projectDirPath = "";
			projectRoot = "";
			targets = (
				4EADA13B202C59EA00C36850 /* testGitDemo */,
				4EADA154202C59EA00C36850 /* testGitDemoTests */,
				4EADA15F202C59EA00C36850 /* testGitDemoUITests */,
			);
		};
/* End PBXProject section */

/* Begin PBXResourcesBuildPhase section */
		4EADA13A202C59EA00C36850 /* Resources */ = {
			isa = PBXResourcesBuildPhase;
			buildActionMask = 2147483647;
			files = (
				4EADA14F202C59EA00C36850 /* LaunchScreen.storyboard in Resources */,
				4EADA14C202C59EA00C36850 /* Assets.xcassets in Resources */,
				4EADA14A202C59EA00C36850 /* Main.storyboard in Resources */,
			);
			runOnlyForDeploymentPostprocessing = 0;
		};
		4EADA153202C59EA00C36850 /* Resources */ = {
			isa = PBXResourcesBuildPhase;
			buildActionMask = 2147483647;
			files = (
			);
			runOnlyForDeploymentPostprocessing = 0;
		};
		4EADA15E202C59EA00C36850 /* Resources */ = {
			isa = PBXResourcesBuildPhase;
			buildActionMask = 2147483647;
			files = (
			);
			runOnlyForDeploymentPostprocessing = 0;
		};
/* End PBXResourcesBuildPhase section */

/* Begin PBXSourcesBuildPhase section */
		4EADA138202C59EA00C36850 /* Sources */ = {
			isa = PBXSourcesBuildPhase;
			buildActionMask = 2147483647;
			files = (
				4EADA147202C59EA00C36850 /* ViewController.m in Sources */,
				4EADA144202C59EA00C36850 /* AppDelegate.m in Sources */,
				4EADA141202C59EA00C36850 /* main.m in Sources */,
			);
			runOnlyForDeploymentPostprocessing = 0;
		};
		4EADA151202C59EA00C36850 /* Sources */ = {
			isa = PBXSourcesBuildPhase;
			buildActionMask = 2147483647;
			files = (
				4EADA15A202C59EA00C36850 /* testGitDemoTests.m in Sources */,
			);
			runOnlyForDeploymentPostprocessing = 0;
		};
		4EADA15C202C59EA00C36850 /* Sources */ = {
			isa = PBXSourcesBuildPhase;
			buildActionMask = 2147483647;
			files = (
				4EADA165202C59EA00C36850 /* testGitDemoUITests.m in Sources */,
			);
			runOnlyForDeploymentPostprocessing = 0;
		};
/* End PBXSourcesBuildPhase section */

/* Begin PBXTargetDependency section */
		4EADA157202C59EA00C36850 /* PBXTargetDependency */ = {
			isa = PBXTargetDependency;
			target = 4EADA13B202C59EA00C36850 /* testGitDemo */;
			targetProxy = 4EADA156202C59EA00C36850 /* PBXContainerItemProxy */;
		};
		4EADA162202C59EA00C36850 /* PBXTargetDependency */ = {
			isa = PBXTargetDependency;
			target = 4EADA13B202C59EA00C36850 /* testGitDemo */;
			targetProxy = 4EADA161202C59EA00C36850 /* PBXContainerItemProxy */;
		};
/* End PBXTargetDependency section */

/* Begin PBXVariantGroup section */
		4EADA148202C59EA00C36850 /* Main.storyboard */ = {
			isa = PBXVariantGroup;
			children = (
				4EADA149202C59EA00C36850 /* Base */,
			);
			name = Main.storyboard;
			sourceTree = "<group>";
		};
		4EADA14D202C59EA00C36850 /* LaunchScreen.storyboard */ = {
			isa = PBXVariantGroup;
			children = (
				4EADA14E202C59EA00C36850 /* Base */,
			);
			name = LaunchScreen.storyboard;
			sourceTree = "<group>";
		};
/* End PBXVariantGroup section */

/* Begin XCBuildConfiguration section */
		4EADA167202C59EA00C36850 /* Debug */ = {
			isa = XCBuildConfiguration;
			buildSettings = {
				ALWAYS_SEARCH_USER_PATHS = NO;
				CLANG_ANALYZER_NONNULL = YES;
				CLANG_ANALYZER_NUMBER_OBJECT_CONVERSION = YES_AGGRESSIVE;
				CLANG_CXX_LANGUAGE_STANDARD = "gnu++0x";
				CLANG_CXX_LIBRARY = "libc++";
				CLANG_ENABLE_MODULES = YES;
				CLANG_ENABLE_OBJC_ARC = YES;
				CLANG_WARN_BOOL_CONVERSION = YES;
				CLANG_WARN_CONSTANT_CONVERSION = YES;
				CLANG_WARN_DIRECT_OBJC_ISA_USAGE = YES_ERROR;
				CLANG_WARN_DOCUMENTATION_COMMENTS = YES;
				CLANG_WARN_EMPTY_BODY = YES;
				CLANG_WARN_ENUM_CONVERSION = YES;
				CLANG_WARN_INFINITE_RECURSION = YES;
				CLANG_WARN_INT_CONVERSION = YES;
				CLANG_WARN_OBJC_ROOT_CLASS = YES_ERROR;
				CLANG_WARN_SUSPICIOUS_MOVE = YES;
				CLANG_WARN_UNREACHABLE_CODE = YES;
				CLANG_WARN__DUPLICATE_METHOD_MATCH = YES;
				"CODE_SIGN_IDENTITY[sdk=iphoneos*]" = "iPhone Developer";
				COPY_PHASE_STRIP = NO;
				DEBUG_INFORMATION_FORMAT = dwarf;
				ENABLE_STRICT_OBJC_MSGSEND = YES;
				ENABLE_TESTABILITY = YES;
				GCC_C_LANGUAGE_STANDARD = gnu99;
				GCC_DYNAMIC_NO_PIC = NO;
				GCC_NO_COMMON_BLOCKS = YES;
				GCC_OPTIMIZATION_LEVEL = 0;
				GCC_PREPROCESSOR_DEFINITIONS = (
					"DEBUG=1",
					"$(inherited)",
				);
				GCC_WARN_64_TO_32_BIT_CONVERSION = YES;
				GCC_WARN_ABOUT_RETURN_TYPE = YES_ERROR;
				GCC_WARN_UNDECLARED_SELECTOR = YES;
				GCC_WARN_UNINITIALIZED_AUTOS = YES_AGGRESSIVE;
				GCC_WARN_UNUSED_FUNCTION = YES;
				GCC_WARN_UNUSED_VARIABLE = YES;
				IPHONEOS_DEPLOYMENT_TARGET = 10.3;
				MTL_ENABLE_DEBUG_INFO = YES;
				ONLY_ACTIVE_ARCH = YES;
				SDKROOT = iphoneos;
				TARGETED_DEVICE_FAMILY = "1,2";
			};
			name = Debug;
		};
		4EADA168202C59EA00C36850 /* Release */ = {
			isa = XCBuildConfiguration;
			buildSettings = {
				ALWAYS_SEARCH_USER_PATHS = NO;
				CLANG_ANALYZER_NONNULL = YES;
				CLANG_ANALYZER_NUMBER_OBJECT_CONVERSION = YES_AGGRESSIVE;
				CLANG_CXX_LANGUAGE_STANDARD = "gnu++0x";
				CLANG_CXX_LIBRARY = "libc++";
				CLANG_ENABLE_MODULES = YES;
				CLANG_ENABLE_OBJC_ARC = YES;
				CLANG_WARN_BOOL_CONVERSION = YES;
				CLANG_WARN_CONSTANT_CONVERSION = YES;
				CLANG_WARN_DIRECT_OBJC_ISA_USAGE = YES_ERROR;
				CLANG_WARN_DOCUMENTATION_COMMENTS = YES;
				CLANG_WARN_EMPTY_BODY = YES;
				CLANG_WARN_ENUM_CONVERSION = YES;
				CLANG_WARN_INFINITE_RECURSION = YES;
				CLANG_WARN_INT_CONVERSION = YES;
				CLANG_WARN_OBJC_ROOT_CLASS = YES_ERROR;
				CLANG_WARN_SUSPICIOUS_MOVE = YES;
				CLANG_WARN_UNREACHABLE_CODE = YES;
				CLANG_WARN__DUPLICATE_METHOD_MATCH = YES;
				"CODE_SIGN_IDENTITY[sdk=iphoneos*]" = "iPhone Developer";
				COPY_PHASE_STRIP = NO;
				DEBUG_INFORMATION_FORMAT = "dwarf-with-dsym";
				ENABLE_NS_ASSERTIONS = NO;
				ENABLE_STRICT_OBJC_MSGSEND = YES;
				GCC_C_LANGUAGE_STANDARD = gnu99;
				GCC_NO_COMMON_BLOCKS = YES;
				GCC_WARN_64_TO_32_BIT_CONVERSION = YES;
				GCC_WARN_ABOUT_RETURN_TYPE = YES_ERROR;
				GCC_WARN_UNDECLARED_SELECTOR = YES;
				GCC_WARN_UNINITIALIZED_AUTOS = YES_AGGRESSIVE;
				GCC_WARN_UNUSED_FUNCTION = YES;
				GCC_WARN_UNUSED_VARIABLE = YES;
				IPHONEOS_DEPLOYMENT_TARGET = 10.3;
				MTL_ENABLE_DEBUG_INFO = NO;
				SDKROOT = iphoneos;
				TARGETED_DEVICE_FAMILY = "1,2";
				VALIDATE_PRODUCT = YES;
			};
			name = Release;
		};
		4EADA16A202C59EA00C36850 /* Debug */ = {
			isa = XCBuildConfiguration;
			buildSettings = {
				ASSETCATALOG_COMPILER_APPICON_NAME = AppIcon;
				DEVELOPMENT_TEAM = GRBUF4HYKK;
				INFOPLIST_FILE = testGitDemo/Info.plist;
				LD_RUNPATH_SEARCH_PATHS = "$(inherited) @executable_path/Frameworks";
				PRODUCT_BUNDLE_IDENTIFIER = cn.telchina.zhiji.testGitDemo;
				PRODUCT_NAME = "$(TARGET_NAME)";
			};
			name = Debug;
		};
		4EADA16B202C59EA00C36850 /* Release */ = {
			isa = XCBuildConfiguration;
			buildSettings = {
				ASSETCATALOG_COMPILER_APPICON_NAME = AppIcon;
				DEVELOPMENT_TEAM = GRBUF4HYKK;
				INFOPLIST_FILE = testGitDemo/Info.plist;
				LD_RUNPATH_SEARCH_PATHS = "$(inherited) @executable_path/Frameworks";
				PRODUCT_BUNDLE_IDENTIFIER = cn.telchina.zhiji.testGitDemo;
				PRODUCT_NAME = "$(TARGET_NAME)";
			};
			name = Release;
		};
		4EADA16D202C59EA00C36850 /* Debug */ = {
			isa = XCBuildConfiguration;
			buildSettings = {
				BUNDLE_LOADER = "$(TEST_HOST)";
				DEVELOPMENT_TEAM = GRBUF4HYKK;
				INFOPLIST_FILE = testGitDemoTests/Info.plist;
				LD_RUNPATH_SEARCH_PATHS = "$(inherited) @executable_path/Frameworks @loader_path/Frameworks";
				PRODUCT_BUNDLE_IDENTIFIER = cn.telchina.zhiji.testGitDemoTests;
				PRODUCT_NAME = "$(TARGET_NAME)";
				TEST_HOST = "$(BUILT_PRODUCTS_DIR)/testGitDemo.app/testGitDemo";
			};
			name = Debug;
		};
		4EADA16E202C59EA00C36850 /* Release */ = {
			isa = XCBuildConfiguration;
			buildSettings = {
				BUNDLE_LOADER = "$(TEST_HOST)";
				DEVELOPMENT_TEAM = GRBUF4HYKK;
				INFOPLIST_FILE = testGitDemoTests/Info.plist;
				LD_RUNPATH_SEARCH_PATHS = "$(inherited) @executable_path/Frameworks @loader_path/Frameworks";
				PRODUCT_BUNDLE_IDENTIFIER = cn.telchina.zhiji.testGitDemoTests;
				PRODUCT_NAME = "$(TARGET_NAME)";
				TEST_HOST = "$(BUILT_PRODUCTS_DIR)/testGitDemo.app/testGitDemo";
			};
			name = Release;
		};
		4EADA170202C59EA00C36850 /* Debug */ = {
			isa = XCBuildConfiguration;
			buildSettings = {
				DEVELOPMENT_TEAM = GRBUF4HYKK;
				INFOPLIST_FILE = testGitDemoUITests/Info.plist;
				LD_RUNPATH_SEARCH_PATHS = "$(inherited) @executable_path/Frameworks @loader_path/Frameworks";
				PRODUCT_BUNDLE_IDENTIFIER = cn.telchina.zhiji.testGitDemoUITests;
				PRODUCT_NAME = "$(TARGET_NAME)";
				TEST_TARGET_NAME = testGitDemo;
			};
			name = Debug;
		};
		4EADA171202C59EA00C36850 /* Release */ = {
			isa = XCBuildConfiguration;
			buildSettings = {
				DEVELOPMENT_TEAM = GRBUF4HYKK;
				INFOPLIST_FILE = testGitDemoUITests/Info.plist;
				LD_RUNPATH_SEARCH_PATHS = "$(inherited) @executable_path/Frameworks @loader_path/Frameworks";
				PRODUCT_BUNDLE_IDENTIFIER = cn.telchina.zhiji.testGitDemoUITests;
				PRODUCT_NAME = "$(TARGET_NAME)";
				TEST_TARGET_NAME = testGitDemo;
			};
			name = Release;
		};
/* End XCBuildConfiguration section */

/* Begin XCConfigurationList section */
		4EADA137202C59EA00C36850 /* Build configuration list for PBXProject "testGitDemo" */ = {
			isa = XCConfigurationList;
			buildConfigurations = (
				4EADA167202C59EA00C36850 /* Debug */,
				4EADA168202C59EA00C36850 /* Release */,
			);
			defaultConfigurationIsVisible = 0;
			defaultConfigurationName = Release;
		};
		4EADA169202C59EA00C36850 /* Build configuration list for PBXNativeTarget "testGitDemo" */ = {
			isa = XCConfigurationList;
			buildConfigurations = (
				4EADA16A202C59EA00C36850 /* Debug */,
				4EADA16B202C59EA00C36850 /* Release */,
			);
			defaultConfigurationIsVisible = 0;
		};
		4EADA16C202C59EA00C36850 /* Build configuration list for PBXNativeTarget "testGitDemoTests" */ = {
			isa = XCConfigurationList;
			buildConfigurations = (
				4EADA16D202C59EA00C36850 /* Debug */,
				4EADA16E202C59EA00C36850 /* Release */,
			);
			defaultConfigurationIsVisible = 0;
		};
		4EADA16F202C59EA00C36850 /* Build configuration list for PBXNativeTarget "testGitDemoUITests" */ = {
			isa = XCConfigurationList;
			buildConfigurations = (
				4EADA170202C59EA00C36850 /* Debug */,
				4EADA171202C59EA00C36850 /* Release */,
			);
			defaultConfigurationIsVisible = 0;
		};
/* End XCConfigurationList section */
	};
	rootObject = 4EADA134202C59EA00C36850 /* Project object */;
}
